
Microsoft Visual Studio Solution File, Format Version 12.00
# Visual Studio Version 17
VisualStudioVersion = 17.7.34031.279
MinimumVisualStudioVersion = 10.0.40219.1
Project("{FAE04EC0-301F-11D3-BF4B-00C04F79EFBC}") = "Challenge App", "Challenge App\Challenge App.csproj", "{B953B00B-DA6C-425A-84AF-953C9FDFCECE}"
EndProject
Global
	GlobalSection(SolutionConfigurationPlatforms) = preSolution
		Debug|Any CPU = Debug|Any CPU
		Release|Any CPU = Release|Any CPU
	EndGlobalSection
	GlobalSection(ProjectConfigurationPlatforms) = postSolution
		{B953B00B-DA6C-425A-84AF-953C9FDFCECE}.Debug|Any CPU.ActiveCfg = Debug|Any CPU
		{B953B00B-DA6C-425A-84AF-953C9FDFCECE}.Debug|Any CPU.Build.0 = Debug|Any CPU
		{B953B00B-DA6C-425A-84AF-953C9FDFCECE}.Release|Any CPU.ActiveCfg = Release|Any CPU
		{B953B00B-DA6C-425A-84AF-953C9FDFCECE}.Release|Any CPU.Build.0 = Release|Any CPU
	EndGlobalSection
	GlobalSection(SolutionProperties) = preSolution
		HideSolutionNode = FALSE
	EndGlobalSection
	GlobalSection(ExtensibilityGlobals) = postSolution
		SolutionGuid = {974E93F4-7A5E-4C8A-87EF-09DA45E0A0C5}
	EndGlobalSection
EndGlobal
